
Microsoft Visual Studio Solution File, Format Version 12.00
# Visual Studio Version 17
VisualStudioVersion = 17.1.32328.378
MinimumVisualStudioVersion = 10.0.40219.1
Project("{FAE04EC0-301F-11D3-BF4B-00C04F79EFBC}") = "Calendar_frontend", "Calendar_frontend\Calendar_frontend.csproj", "{99879ADB-B1C3-4294-88FA-8B420843ACE6}"
EndProject
Global
	GlobalSection(SolutionConfigurationPlatforms) = preSolution
		Debug|Any CPU = Debug|Any CPU
		Release|Any CPU = Release|Any CPU
	EndGlobalSection
	GlobalSection(ProjectConfigurationPlatforms) = postSolution
		{99879ADB-B1C3-4294-88FA-8B420843ACE6}.Debug|Any CPU.ActiveCfg = Debug|Any CPU
		{99879ADB-B1C3-4294-88FA-8B420843ACE6}.Debug|Any CPU.Build.0 = Debug|Any CPU
		{99879ADB-B1C3-4294-88FA-8B420843ACE6}.Release|Any CPU.ActiveCfg = Release|Any CPU
		{99879ADB-B1C3-4294-88FA-8B420843ACE6}.Release|Any CPU.Build.0 = Release|Any CPU
	EndGlobalSection
	GlobalSection(SolutionProperties) = preSolution
		HideSolutionNode = FALSE
	EndGlobalSection
	GlobalSection(ExtensibilityGlobals) = postSolution
		SolutionGuid = {4076F2A5-DD0B-4302-96D8-692A64F4C138}
	EndGlobalSection
EndGlobal
